
Microsoft Visual Studio Solution File, Format Version 12.00
# Visual Studio Version 17
VisualStudioVersion = 17.5.33627.172
MinimumVisualStudioVersion = 10.0.40219.1
Project("{8BC9CEB8-8B4A-11D0-8D11-00A0C91BC942}") = "AlphaEngine", "AlphaEngine\AlphaEngine.vcxproj", "{E59FF692-F97D-4A55-A731-B43C60CA2995}"
	ProjectSection(ProjectDependencies) = postProject
		{141B2989-DEB2-48A7-AC6A-D439D9ACD811} = {141B2989-DEB2-48A7-AC6A-D439D9ACD811}
		{915C63DE-AF5C-4E88-9326-BB83F91D781D} = {915C63DE-AF5C-4E88-9326-BB83F91D781D}
	EndProjectSection
EndProject
Project("{8BC9CEB8-8B4A-11D0-8D11-00A0C91BC942}") = "Game", "Game\Game.vcxproj", "{54FFC239-2AC6-4166-8F91-B1E0FDB6AD61}"
EndProject
Project("{8BC9CEB8-8B4A-11D0-8D11-00A0C91BC942}") = "ImGui", "ImGui\ImGui.vcxproj", "{141B2989-DEB2-48A7-AC6A-D439D9ACD811}"
EndProject
Project("{8BC9CEB8-8B4A-11D0-8D11-00A0C91BC942}") = "Editor", "Editor\Editor.vcxproj", "{280FA4BF-2A08-492E-B2D6-F5FA67F19A62}"
	ProjectSection(ProjectDependencies) = postProject
		{141B2989-DEB2-48A7-AC6A-D439D9ACD811} = {141B2989-DEB2-48A7-AC6A-D439D9ACD811}
		{3AEBEE7F-AC0A-4B95-9C6C-D83F04D7979E} = {3AEBEE7F-AC0A-4B95-9C6C-D83F04D7979E}
		{915C63DE-AF5C-4E88-9326-BB83F91D781D} = {915C63DE-AF5C-4E88-9326-BB83F91D781D}
	EndProjectSection
EndProject
Project("{8BC9CEB8-8B4A-11D0-8D11-00A0C91BC942}") = "box2d", "box2d\box2d.vcxproj", "{3AEBEE7F-AC0A-4B95-9C6C-D83F04D7979E}"
EndProject
Project("{8BC9CEB8-8B4A-11D0-8D11-00A0C91BC942}") = "yaml-cpp", "yaml-cpp\yaml-cpp.vcxproj", "{915C63DE-AF5C-4E88-9326-BB83F91D781D}"
EndProject
Project("{8BC9CEB8-8B4A-11D0-8D11-00A0C91BC942}") = "glew", "glew\glew.vcxproj", "{708AC1EB-B13E-4C18-8D04-6EE90D3D8188}"
EndProject
Global
	GlobalSection(SolutionConfigurationPlatforms) = preSolution
		Debug|x64 = Debug|x64
		Debug|x86 = Debug|x86
		MinSizeRel|x64 = MinSizeRel|x64
		MinSizeRel|x86 = MinSizeRel|x86
		Release|x64 = Release|x64
		Release|x86 = Release|x86
		RelWithDebInfo|x64 = RelWithDebInfo|x64
		RelWithDebInfo|x86 = RelWithDebInfo|x86
	EndGlobalSection
	GlobalSection(ProjectConfigurationPlatforms) = postSolution
		{E59FF692-F97D-4A55-A731-B43C60CA2995}.Debug|x64.ActiveCfg = Debug|x64
		{E59FF692-F97D-4A55-A731-B43C60CA2995}.Debug|x64.Build.0 = Debug|x64
		{E59FF692-F97D-4A55-A731-B43C60CA2995}.Debug|x86.ActiveCfg = Debug|Win32
		{E59FF692-F97D-4A55-A731-B43C60CA2995}.Debug|x86.Build.0 = Debug|Win32
		{E59FF692-F97D-4A55-A731-B43C60CA2995}.MinSizeRel|x64.ActiveCfg = Release|x64
		{E59FF692-F97D-4A55-A731-B43C60CA2995}.MinSizeRel|x64.Build.0 = Release|x64
		{E59FF692-F97D-4A55-A731-B43C60CA2995}.MinSizeRel|x86.ActiveCfg = Release|Win32
		{E59FF692-F97D-4A55-A731-B43C60CA2995}.MinSizeRel|x86.Build.0 = Release|Win32
		{E59FF692-F97D-4A55-A731-B43C60CA2995}.Release|x64.ActiveCfg = Release|x64
		{E59FF692-F97D-4A55-A731-B43C60CA2995}.Release|x64.Build.0 = Release|x64
		{E59FF692-F97D-4A55-A731-B43C60CA2995}.Release|x86.ActiveCfg = Release|Win32
		{E59FF692-F97D-4A55-A731-B43C60CA2995}.Release|x86.Build.0 = Release|Win32
		{E59FF692-F97D-4A55-A731-B43C60CA2995}.RelWithDebInfo|x64.ActiveCfg = Release|x64
		{E59FF692-F97D-4A55-A731-B43C60CA2995}.RelWithDebInfo|x64.Build.0 = Release|x64
		{E59FF692-F97D-4A55-A731-B43C60CA2995}.RelWithDebInfo|x86.ActiveCfg = Release|Win32
		{E59FF692-F97D-4A55-A731-B43C60CA2995}.RelWithDebInfo|x86.Build.0 = Release|Win32
		{54FFC239-2AC6-4166-8F91-B1E0FDB6AD61}.Debug|x64.ActiveCfg = Debug|x64
		{54FFC239-2AC6-4166-8F91-B1E0FDB6AD61}.Debug|x64.Build.0 = Debug|x64
		{54FFC239-2AC6-4166-8F91-B1E0FDB6AD61}.Debug|x86.ActiveCfg = Debug|Win32
		{54FFC239-2AC6-4166-8F91-B1E0FDB6AD61}.Debug|x86.Build.0 = Debug|Win32
		{54FFC239-2AC6-4166-8F91-B1E0FDB6AD61}.MinSizeRel|x64.ActiveCfg = Debug|x64
		{54FFC239-2AC6-4166-8F91-B1E0FDB6AD61}.MinSizeRel|x64.Build.0 = Debug|x64
		{54FFC239-2AC6-4166-8F91-B1E0FDB6AD61}.MinSizeRel|x86.ActiveCfg = Debug|Win32
		{54FFC239-2AC6-4166-8F91-B1E0FDB6AD61}.MinSizeRel|x86.Build.0 = Debug|Win32
		{54FFC239-2AC6-4166-8F91-B1E0FDB6AD61}.Release|x64.ActiveCfg = Release|x64
		{54FFC239-2AC6-4166-8F91-B1E0FDB6AD61}.Release|x64.Build.0 = Release|x64
		{54FFC239-2AC6-4166-8F91-B1E0FDB6AD61}.Release|x86.ActiveCfg = Release|Win32
		{54FFC239-2AC6-4166-8F91-B1E0FDB6AD61}.Release|x86.Build.0 = Release|Win32
		{54FFC239-2AC6-4166-8F91-B1E0FDB6AD61}.RelWithDebInfo|x64.ActiveCfg = Release|x64
		{54FFC239-2AC6-4166-8F91-B1E0FDB6AD61}.RelWithDebInfo|x64.Build.0 = Release|x64
		{54FFC239-2AC6-4166-8F91-B1E0FDB6AD61}.RelWithDebInfo|x86.ActiveCfg = Release|Win32
		{54FFC239-2AC6-4166-8F91-B1E0FDB6AD61}.RelWithDebInfo|x86.Build.0 = Release|Win32
		{141B2989-DEB2-48A7-AC6A-D439D9ACD811}.Debug|x64.ActiveCfg = Debug|x64
		{141B2989-DEB2-48A7-AC6A-D439D9ACD811}.Debug|x64.Build.0 = Debug|x64
		{141B2989-DEB2-48A7-AC6A-D439D9ACD811}.Debug|x86.ActiveCfg = Debug|Win32
		{141B2989-DEB2-48A7-AC6A-D439D9ACD811}.Debug|x86.Build.0 = Debug|Win32
		{141B2989-DEB2-48A7-AC6A-D439D9ACD811}.MinSizeRel|x64.ActiveCfg = Debug|x64
		{141B2989-DEB2-48A7-AC6A-D439D9ACD811}.MinSizeRel|x64.Build.0 = Debug|x64
		{141B2989-DEB2-48A7-AC6A-D439D9ACD811}.MinSizeRel|x86.ActiveCfg = Debug|Win32
		{141B2989-DEB2-48A7-AC6A-D439D9ACD811}.MinSizeRel|x86.Build.0 = Debug|Win32
		{141B2989-DEB2-48A7-AC6A-D439D9ACD811}.Release|x64.ActiveCfg = Release|x64
		{141B2989-DEB2-48A7-AC6A-D439D9ACD811}.Release|x64.Build.0 = Release|x64
		{141B2989-DEB2-48A7-AC6A-D439D9ACD811}.Release|x86.ActiveCfg = Release|Win32
		{141B2989-DEB2-48A7-AC6A-D439D9ACD811}.Release|x86.Build.0 = Release|Win32
		{141B2989-DEB2-48A7-AC6A-D439D9ACD811}.RelWithDebInfo|x64.ActiveCfg = Release|x64
		{141B2989-DEB2-48A7-AC6A-D439D9ACD811}.RelWithDebInfo|x64.Build.0 = Release|x64
		{141B2989-DEB2-48A7-AC6A-D439D9ACD811}.RelWithDebInfo|x86.ActiveCfg = Release|Win32
		{141B2989-DEB2-48A7-AC6A-D439D9ACD811}.RelWithDebInfo|x86.Build.0 = Release|Win32
		{280FA4BF-2A08-492E-B2D6-F5FA67F19A62}.Debug|x64.ActiveCfg = Debug|x64
		{280FA4BF-2A08-492E-B2D6-F5FA67F19A62}.Debug|x64.Build.0 = Debug|x64
		{280FA4BF-2A08-492E-B2D6-F5FA67F19A62}.Debug|x86.ActiveCfg = Debug|x64
		{280FA4BF-2A08-492E-B2D6-F5FA67F19A62}.Debug|x86.Build.0 = Debug|x64
		{280FA4BF-2A08-492E-B2D6-F5FA67F19A62}.MinSizeRel|x64.ActiveCfg = Debug|x64
		{280FA4BF-2A08-492E-B2D6-F5FA67F19A62}.MinSizeRel|x64.Build.0 = Debug|x64
		{280FA4BF-2A08-492E-B2D6-F5FA67F19A62}.MinSizeRel|x86.ActiveCfg = Debug|x64
		{280FA4BF-2A08-492E-B2D6-F5FA67F19A62}.MinSizeRel|x86.Build.0 = Debug|x64
		{280FA4BF-2A08-492E-B2D6-F5FA67F19A62}.Release|x64.ActiveCfg = Release|x64
		{280FA4BF-2A08-492E-B2D6-F5FA67F19A62}.Release|x64.Build.0 = Release|x64
		{280FA4BF-2A08-492E-B2D6-F5FA67F19A62}.Release|x86.ActiveCfg = Release|x64
		{280FA4BF-2A08-492E-B2D6-F5FA67F19A62}.Release|x86.Build.0 = Release|x64
		{280FA4BF-2A08-492E-B2D6-F5FA67F19A62}.RelWithDebInfo|x64.ActiveCfg = Release|x64
		{280FA4BF-2A08-492E-B2D6-F5FA67F19A62}.RelWithDebInfo|x64.Build.0 = Release|x64
		{280FA4BF-2A08-492E-B2D6-F5FA67F19A62}.RelWithDebInfo|x86.ActiveCfg = Debug|x64
		{280FA4BF-2A08-492E-B2D6-F5FA67F19A62}.RelWithDebInfo|x86.Build.0 = Debug|x64
		{3AEBEE7F-AC0A-4B95-9C6C-D83F04D7979E}.Debug|x64.ActiveCfg = Debug|x64
		{3AEBEE7F-AC0A-4B95-9C6C-D83F04D7979E}.Debug|x64.Build.0 = Debug|x64
		{3AEBEE7F-AC0A-4B95-9C6C-D83F04D7979E}.Debug|x86.ActiveCfg = Debug|Win32
		{3AEBEE7F-AC0A-4B95-9C6C-D83F04D7979E}.Debug|x86.Build.0 = Debug|Win32
		{3AEBEE7F-AC0A-4B95-9C6C-D83F04D7979E}.MinSizeRel|x64.ActiveCfg = Release|x64
		{3AEBEE7F-AC0A-4B95-9C6C-D83F04D7979E}.MinSizeRel|x64.Build.0 = Release|x64
		{3AEBEE7F-AC0A-4B95-9C6C-D83F04D7979E}.MinSizeRel|x86.ActiveCfg = Release|Win32
		{3AEBEE7F-AC0A-4B95-9C6C-D83F04D7979E}.MinSizeRel|x86.Build.0 = Release|Win32
		{3AEBEE7F-AC0A-4B95-9C6C-D83F04D7979E}.Release|x64.ActiveCfg = Release|x64
		{3AEBEE7F-AC0A-4B95-9C6C-D83F04D7979E}.Release|x64.Build.0 = Release|x64
		{3AEBEE7F-AC0A-4B95-9C6C-D83F04D7979E}.Release|x86.ActiveCfg = Release|Win32
		{3AEBEE7F-AC0A-4B95-9C6C-D83F04D7979E}.Release|x86.Build.0 = Release|Win32
		{3AEBEE7F-AC0A-4B95-9C6C-D83F04D7979E}.RelWithDebInfo|x64.ActiveCfg = Release|x64
		{3AEBEE7F-AC0A-4B95-9C6C-D83F04D7979E}.RelWithDebInfo|x64.Build.0 = Release|x64
		{3AEBEE7F-AC0A-4B95-9C6C-D83F04D7979E}.RelWithDebInfo|x86.ActiveCfg = Release|Win32
		{3AEBEE7F-AC0A-4B95-9C6C-D83F04D7979E}.RelWithDebInfo|x86.Build.0 = Release|Win32
		{915C63DE-AF5C-4E88-9326-BB83F91D781D}.Debug|x64.ActiveCfg = Debug|x64
		{915C63DE-AF5C-4E88-9326-BB83F91D781D}.Debug|x64.Build.0 = Debug|x64
		{915C63DE-AF5C-4E88-9326-BB83F91D781D}.Debug|x86.ActiveCfg = Debug|Win32
		{915C63DE-AF5C-4E88-9326-BB83F91D781D}.Debug|x86.Build.0 = Debug|Win32
		{915C63DE-AF5C-4E88-9326-BB83F91D781D}.MinSizeRel|x64.ActiveCfg = Release|x64
		{915C63DE-AF5C-4E88-9326-BB83F91D781D}.MinSizeRel|x64.Build.0 = Release|x64
		{915C63DE-AF5C-4E88-9326-BB83F91D781D}.MinSizeRel|x86.ActiveCfg = Release|Win32
		{915C63DE-AF5C-4E88-9326-BB83F91D781D}.MinSizeRel|x86.Build.0 = Release|Win32
		{915C63DE-AF5C-4E88-9326-BB83F91D781D}.Release|x64.ActiveCfg = Release|x64
		{915C63DE-AF5C-4E88-9326-BB83F91D781D}.Release|x64.Build.0 = Release|x64
		{915C63DE-AF5C-4E88-9326-BB83F91D781D}.Release|x86.ActiveCfg = Release|Win32
		{915C63DE-AF5C-4E88-9326-BB83F91D781D}.Release|x86.Build.0 = Release|Win32
		{915C63DE-AF5C-4E88-9326-BB83F91D781D}.RelWithDebInfo|x64.ActiveCfg = Release|x64
		{915C63DE-AF5C-4E88-9326-BB83F91D781D}.RelWithDebInfo|x64.Build.0 = Release|x64
		{915C63DE-AF5C-4E88-9326-BB83F91D781D}.RelWithDebInfo|x86.ActiveCfg = Release|Win32
		{915C63DE-AF5C-4E88-9326-BB83F91D781D}.RelWithDebInfo|x86.Build.0 = Release|Win32
		{708AC1EB-B13E-4C18-8D04-6EE90D3D8188}.Debug|x64.ActiveCfg = Debug|x64
		{708AC1EB-B13E-4C18-8D04-6EE90D3D8188}.Debug|x64.Build.0 = Debug|x64
		{708AC1EB-B13E-4C18-8D04-6EE90D3D8188}.Debug|x86.ActiveCfg = Debug|Win32
		{708AC1EB-B13E-4C18-8D04-6EE90D3D8188}.Debug|x86.Build.0 = Debug|Win32
		{708AC1EB-B13E-4C18-8D04-6EE90D3D8188}.MinSizeRel|x64.ActiveCfg = Debug|x64
		{708AC1EB-B13E-4C18-8D04-6EE90D3D8188}.MinSizeRel|x64.Build.0 = Debug|x64
		{708AC1EB-B13E-4C18-8D04-6EE90D3D8188}.MinSizeRel|x86.ActiveCfg = Debug|Win32
		{708AC1EB-B13E-4C18-8D04-6EE90D3D8188}.MinSizeRel|x86.Build.0 = Debug|Win32
		{708AC1EB-B13E-4C18-8D04-6EE90D3D8188}.Release|x64.ActiveCfg = Release|x64
		{708AC1EB-B13E-4C18-8D04-6EE90D3D8188}.Release|x64.Build.0 = Release|x64
		{708AC1EB-B13E-4C18-8D04-6EE90D3D8188}.Release|x86.ActiveCfg = Release|Win32
		{708AC1EB-B13E-4C18-8D04-6EE90D3D8188}.Release|x86.Build.0 = Release|Win32
		{708AC1EB-B13E-4C18-8D04-6EE90D3D8188}.RelWithDebInfo|x64.ActiveCfg = Release|x64
		{708AC1EB-B13E-4C18-8D04-6EE90D3D8188}.RelWithDebInfo|x64.Build.0 = Release|x64
		{708AC1EB-B13E-4C18-8D04-6EE90D3D8188}.RelWithDebInfo|x86.ActiveCfg = Release|Win32
		{708AC1EB-B13E-4C18-8D04-6EE90D3D8188}.RelWithDebInfo|x86.Build.0 = Release|Win32
	EndGlobalSection
	GlobalSection(SolutionProperties) = preSolution
		HideSolutionNode = FALSE
	EndGlobalSection
	GlobalSection(ExtensibilityGlobals) = postSolution
		SolutionGuid = {0713A5D7-81A1-4671-BA18-DA20B278957D}
	EndGlobalSection
EndGlobal
