<?xml version="1.0" encoding="utf-8"?>
<Project ToolsVersion="4.0" xmlns="http://schemas.microsoft.com/developer/msbuild/2003">
  <ItemGroup>
    <Filter Include="Source Files">
      <UniqueIdentifier>{4FC737F1-C7A5-4376-A066-2A32D752A2FF}</UniqueIdentifier>
      <Extensions>cpp;c;cc;cxx;def;odl;idl;hpj;bat;asm;asmx</Extensions>
    </Filter>
    <Filter Include="Header Files">
      <UniqueIdentifier>{93995380-89BD-4b04-88EB-625FBE52EBFB}</UniqueIdentifier>
      <Extensions>h;hh;hpp;hxx;hm;inl;inc;xsd</Extensions>
    </Filter>
    <Filter Include="Resource Files">
      <UniqueIdentifier>{67DA6AB6-F800-4c08-8B7A-83BB121AAD01}</UniqueIdentifier>
      <Extensions>qrc;rc;ico;cur;bmp;dlg;rc2;rct;bin;rgs;gif;jpg;jpeg;jpe;resx;tiff;tif;png;wav;mfcribbon-ms</Extensions>
    </Filter>
    <Filter Include="Form Files">
      <UniqueIdentifier>{99349809-55BA-4b9d-BF79-8FDBB0286EB3}</UniqueIdentifier>
      <Extensions>ui</Extensions>
    </Filter>
    <Filter Include="Translation Files">
      <UniqueIdentifier>{639EADAA-A684-42e4-A9AD-28FC9BCB8F7C}</UniqueIdentifier>
      <Extensions>ts</Extensions>
    </Filter>
  </ItemGroup>
  <ItemGroup>
    <QtRcc Include="Editor.qrc">
      <Filter>Resource Files</Filter>
    </QtRcc>
    <QtMoc Include="src\Widgets\EditorWidget.h">
      <Filter>Header Files</Filter>
    </QtMoc>
    <ClCompile Include="src\Widgets\EditorWidget.cpp">
      <Filter>Source Files</Filter>
    </ClCompile>
    <QtRcc Include="breeze.qrc">
      <Filter>Resource Files</Filter>
    </QtRcc>
  </ItemGroup>
  <ItemGroup>
    <ClCompile Include="src\main.cpp">
      <Filter>Source Files</Filter>
    </ClCompile>
    <ClCompile Include="src\Widgets\EditorWindow.cpp">
      <Filter>Source Files</Filter>
    </ClCompile>
    <ClCompile Include="src\Windows\QtWidgetWindow.cpp">
      <Filter>Source Files</Filter>
    </ClCompile>
    <ClCompile Include="src\Models\EntityItem.cpp">
      <Filter>Source Files</Filter>
    </ClCompile>
    <ClCompile Include="src\Models\EntityModel.cpp">
      <Filter>Source Files</Filter>
    </ClCompile>
    <ClCompile Include="src\Widgets\SceneHierarchyWidget.cpp">
      <Filter>Source Files</Filter>
    </ClCompile>
    <ClCompile Include="src\Widgets\InspectorWidget.cpp">
      <Filter>Source Files</Filter>
    </ClCompile>
    <ClCompile Include="src\Widgets\Edits\ColorEdit.cpp">
      <Filter>Source Files</Filter>
    </ClCompile>
    <ClCompile Include="src\Widgets\Edits\BaseEdit.cpp">
      <Filter>Source Files</Filter>
    </ClCompile>
    <ClCompile Include="src\Widgets\Edits\BoolEdit.cpp">
      <Filter>Source Files</Filter>
    </ClCompile>
    <ClCompile Include="src\Widgets\Edits\ComponentEdit.cpp">
      <Filter>Source Files</Filter>
    </ClCompile>
    <ClCompile Include="src\Widgets\ExpandableWidget.cpp">
      <Filter>Source Files</Filter>
    </ClCompile>
    <ClCompile Include="src\Widgets\Edits\EditFactory.cpp">
      <Filter>Source Files</Filter>
    </ClCompile>
    <ClCompile Include="src\Widgets\Edits\ReflectedItemEdit.cpp">
      <Filter>Source Files</Filter>
    </ClCompile>
    <ClCompile Include="src\Widgets\ExpanderLayout.cpp">
      <Filter>Source Files</Filter>
    </ClCompile>
    <ClCompile Include="src\Widgets\Edits\StandardEditLayout.cpp">
      <Filter>Source Files</Filter>
    </ClCompile>
    <ClCompile Include="src\Widgets\Edits\FloatEdit.cpp">
      <Filter>Source Files</Filter>
    </ClCompile>
    <ClCompile Include="src\Widgets\Edits\EnumEdit.cpp">
      <Filter>Source Files</Filter>
    </ClCompile>
    <ClCompile Include="src\Widgets\Edits\FileEdit.cpp">
      <Filter>Source Files</Filter>
    </ClCompile>
  </ItemGroup>
  <ItemGroup>
    <QtMoc Include="src\Widgets\EditorWindow.h">
      <Filter>Header Files</Filter>
    </QtMoc>
    <QtMoc Include="src\Models\EntityModel.h">
      <Filter>Header Files</Filter>
    </QtMoc>
    <QtMoc Include="src\Widgets\SceneHierarchyWidget.h">
      <Filter>Header Files</Filter>
    </QtMoc>
    <QtMoc Include="src\Widgets\InspectorWidget.h">
      <Filter>Header Files</Filter>
    </QtMoc>
    <QtMoc Include="src\Widgets\Edits\BaseEdit.h">
      <Filter>Header Files</Filter>
    </QtMoc>
    <QtMoc Include="src\Widgets\Edits\BoolEdit.h">
      <Filter>Header Files</Filter>
    </QtMoc>
    <QtMoc Include="src\Widgets\Edits\ComponentEdit.h">
      <Filter>Header Files</Filter>
    </QtMoc>
    <QtMoc Include="src\Widgets\Edits\EnumEdit.h">
      <Filter>Header Files</Filter>
    </QtMoc>
  </ItemGroup>
  <ItemGroup>
    <ClInclude Include="src\Windows\QtWidgetWindow.h">
      <Filter>Header Files</Filter>
    </ClInclude>
    <ClInclude Include="src\Models\EntityItem.h">
      <Filter>Header Files</Filter>
    </ClInclude>
    <ClInclude Include="src\Widgets\Edits\VectorEdit.h">
      <Filter>Header Files</Filter>
    </ClInclude>
    <ClInclude Include="src\Widgets\ExpandableWidget.h">
      <Filter>Header Files</Filter>
    </ClInclude>
    <ClInclude Include="src\Widgets\Edits\EditFactory.h">
      <Filter>Header Files</Filter>
    </ClInclude>
    <ClInclude Include="src\Widgets\Edits\ReflectedItemEdit.h">
      <Filter>Header Files</Filter>
    </ClInclude>
    <ClInclude Include="src\Widgets\ExpanderLayout.h">
      <Filter>Header Files</Filter>
    </ClInclude>
    <ClInclude Include="src\Widgets\Edits\ColorEdit.h">
      <Filter>Header Files</Filter>
    </ClInclude>
    <ClInclude Include="src\Widgets\Edits\StandardEditLayout.h">
      <Filter>Header Files</Filter>
    </ClInclude>
    <ClInclude Include="src\Widgets\Edits\FloatEdit.h">
      <Filter>Header Files</Filter>
    </ClInclude>
    <ClInclude Include="src\Widgets\Edits\FileEdit.h">
      <Filter>Header Files</Filter>
    </ClInclude>
  </ItemGroup>
  <ItemGroup>
    <None Include="Editor.pri" />
    <None Include="Editor.pro" />
    <None Include="packages.config" />
    <None Include="assets\shaders\model.glsl" />
    <None Include="assets\shaders\skybox.glsl" />
  </ItemGroup>
  <ItemGroup>
    <Image Include="icons\play.png">
      <Filter>Resource Files</Filter>
    </Image>
  </ItemGroup>
</Project>